// !$*UTF8*$!
{
	archiveVersion = 1;
	classes = {
	};
	objectVersion = 50;
	objects = {

/* Begin PBXBuildFile section */
		9632217C25097FB200333341 /* DataHelper.swift in Sources */ = {isa = PBXBuildFile; fileRef = 9632217B25097FB200333341 /* DataHelper.swift */; };
		9632217E2509823900333341 /* HomeScreen.swift in Sources */ = {isa = PBXBuildFile; fileRef = 9632217D2509823900333341 /* HomeScreen.swift */; };
		963221802509875400333341 /* HistoryView.swift in Sources */ = {isa = PBXBuildFile; fileRef = 9632217F2509875400333341 /* HistoryView.swift */; };
		9632218225098DC200333341 /* TrackingService.swift in Sources */ = {isa = PBXBuildFile; fileRef = 9632218125098DC200333341 /* TrackingService.swift */; };
		963221842509947D00333341 /* LocationBusinessEntity.swift in Sources */ = {isa = PBXBuildFile; fileRef = 963221832509947D00333341 /* LocationBusinessEntity.swift */; };
		964D8BDF250A846400F67822 /* Route+CoreDataClass.swift in Sources */ = {isa = PBXBuildFile; fileRef = 964D8BDD250A846400F67822 /* Route+CoreDataClass.swift */; };
		964D8BE0250A846400F67822 /* Route+CoreDataProperties.swift in Sources */ = {isa = PBXBuildFile; fileRef = 964D8BDE250A846400F67822 /* Route+CoreDataProperties.swift */; };
		964D8BE2250A84E300F67822 /* RouteBusinessEntity.swift in Sources */ = {isa = PBXBuildFile; fileRef = 964D8BE1250A84E300F67822 /* RouteBusinessEntity.swift */; };
		9685185F24FF1892004022EC /* AppDelegate.swift in Sources */ = {isa = PBXBuildFile; fileRef = 9685185E24FF1892004022EC /* AppDelegate.swift */; };
		9685186124FF1892004022EC /* SceneDelegate.swift in Sources */ = {isa = PBXBuildFile; fileRef = 9685186024FF1892004022EC /* SceneDelegate.swift */; };
		9685186324FF1892004022EC /* ContentView.swift in Sources */ = {isa = PBXBuildFile; fileRef = 9685186224FF1892004022EC /* ContentView.swift */; };
		9685186624FF1892004022EC /* OffRoadHUDiOS2.xcdatamodeld in Sources */ = {isa = PBXBuildFile; fileRef = 9685186424FF1892004022EC /* OffRoadHUDiOS2.xcdatamodeld */; };
		9685186824FF1893004022EC /* Assets.xcassets in Resources */ = {isa = PBXBuildFile; fileRef = 9685186724FF1893004022EC /* Assets.xcassets */; };
		9685186B24FF1893004022EC /* Preview Assets.xcassets in Resources */ = {isa = PBXBuildFile; fileRef = 9685186A24FF1893004022EC /* Preview Assets.xcassets */; };
		9685186E24FF1893004022EC /* LaunchScreen.storyboard in Resources */ = {isa = PBXBuildFile; fileRef = 9685186C24FF1893004022EC /* LaunchScreen.storyboard */; };
		9685187D24FF19A5004022EC /* Location+CoreDataClass.swift in Sources */ = {isa = PBXBuildFile; fileRef = 9685187924FF19A5004022EC /* Location+CoreDataClass.swift */; };
		9685187E24FF19A5004022EC /* Location+CoreDataProperties.swift in Sources */ = {isa = PBXBuildFile; fileRef = 9685187A24FF19A5004022EC /* Location+CoreDataProperties.swift */; };
		9685187F24FF19A5004022EC /* Inclinometer+CoreDataClass.swift in Sources */ = {isa = PBXBuildFile; fileRef = 9685187B24FF19A5004022EC /* Inclinometer+CoreDataClass.swift */; };
		9685188024FF19A5004022EC /* Inclinometer+CoreDataProperties.swift in Sources */ = {isa = PBXBuildFile; fileRef = 9685187C24FF19A5004022EC /* Inclinometer+CoreDataProperties.swift */; };
		9685188224FF1A52004022EC /* SpeedometerView.swift in Sources */ = {isa = PBXBuildFile; fileRef = 9685188124FF1A52004022EC /* SpeedometerView.swift */; };
		9685188424FF1A85004022EC /* GaugeSection.swift in Sources */ = {isa = PBXBuildFile; fileRef = 9685188324FF1A85004022EC /* GaugeSection.swift */; };
		9685188624FF1A9E004022EC /* InclinometerView.swift in Sources */ = {isa = PBXBuildFile; fileRef = 9685188524FF1A9E004022EC /* InclinometerView.swift */; };
		9685188824FF1AC7004022EC /* LocationService.swift in Sources */ = {isa = PBXBuildFile; fileRef = 9685188724FF1AC7004022EC /* LocationService.swift */; };
		9685188C24FF1BBF004022EC /* AccelerometerService.swift in Sources */ = {isa = PBXBuildFile; fileRef = 9685188B24FF1BBF004022EC /* AccelerometerService.swift */; };
		96FC4518250863E3001020AD /* APIResponses.swift in Sources */ = {isa = PBXBuildFile; fileRef = 96FC4517250863E3001020AD /* APIResponses.swift */; };
		96FC451A250863EC001020AD /* NetworkManager.swift in Sources */ = {isa = PBXBuildFile; fileRef = 96FC4519250863EC001020AD /* NetworkManager.swift */; };
/* End PBXBuildFile section */

/* Begin PBXFileReference section */
		9632217B25097FB200333341 /* DataHelper.swift */ = {isa = PBXFileReference; lastKnownFileType = sourcecode.swift; path = DataHelper.swift; sourceTree = "<group>"; };
		9632217D2509823900333341 /* HomeScreen.swift */ = {isa = PBXFileReference; lastKnownFileType = sourcecode.swift; path = HomeScreen.swift; sourceTree = "<group>"; };
		9632217F2509875400333341 /* HistoryView.swift */ = {isa = PBXFileReference; lastKnownFileType = sourcecode.swift; path = HistoryView.swift; sourceTree = "<group>"; };
		9632218125098DC200333341 /* TrackingService.swift */ = {isa = PBXFileReference; lastKnownFileType = sourcecode.swift; path = TrackingService.swift; sourceTree = "<group>"; };
		963221832509947D00333341 /* LocationBusinessEntity.swift */ = {isa = PBXFileReference; lastKnownFileType = sourcecode.swift; path = LocationBusinessEntity.swift; sourceTree = "<group>"; };
		964D8BDD250A846400F67822 /* Route+CoreDataClass.swift */ = {isa = PBXFileReference; lastKnownFileType = sourcecode.swift; path = "Route+CoreDataClass.swift"; sourceTree = "<group>"; };
		964D8BDE250A846400F67822 /* Route+CoreDataProperties.swift */ = {isa = PBXFileReference; lastKnownFileType = sourcecode.swift; path = "Route+CoreDataProperties.swift"; sourceTree = "<group>"; };
		964D8BE1250A84E300F67822 /* RouteBusinessEntity.swift */ = {isa = PBXFileReference; lastKnownFileType = sourcecode.swift; path = RouteBusinessEntity.swift; sourceTree = "<group>"; };
		9685185B24FF1892004022EC /* OffRoadHUDiOS2.app */ = {isa = PBXFileReference; explicitFileType = wrapper.application; includeInIndex = 0; path = OffRoadHUDiOS2.app; sourceTree = BUILT_PRODUCTS_DIR; };
		9685185E24FF1892004022EC /* AppDelegate.swift */ = {isa = PBXFileReference; lastKnownFileType = sourcecode.swift; path = AppDelegate.swift; sourceTree = "<group>"; };
		9685186024FF1892004022EC /* SceneDelegate.swift */ = {isa = PBXFileReference; lastKnownFileType = sourcecode.swift; path = SceneDelegate.swift; sourceTree = "<group>"; };
		9685186224FF1892004022EC /* ContentView.swift */ = {isa = PBXFileReference; lastKnownFileType = sourcecode.swift; path = ContentView.swift; sourceTree = "<group>"; };
		9685186524FF1892004022EC /* OffRoadHUDiOS2.xcdatamodel */ = {isa = PBXFileReference; lastKnownFileType = wrapper.xcdatamodel; path = OffRoadHUDiOS2.xcdatamodel; sourceTree = "<group>"; };
		9685186724FF1893004022EC /* Assets.xcassets */ = {isa = PBXFileReference; lastKnownFileType = folder.assetcatalog; path = Assets.xcassets; sourceTree = "<group>"; };
		9685186A24FF1893004022EC /* Preview Assets.xcassets */ = {isa = PBXFileReference; lastKnownFileType = folder.assetcatalog; path = "Preview Assets.xcassets"; sourceTree = "<group>"; };
		9685186D24FF1893004022EC /* Base */ = {isa = PBXFileReference; lastKnownFileType = file.storyboard; name = Base; path = Base.lproj/LaunchScreen.storyboard; sourceTree = "<group>"; };
		9685186F24FF1893004022EC /* Info.plist */ = {isa = PBXFileReference; lastKnownFileType = text.plist.xml; path = Info.plist; sourceTree = "<group>"; };
		9685187924FF19A5004022EC /* Location+CoreDataClass.swift */ = {isa = PBXFileReference; lastKnownFileType = sourcecode.swift; path = "Location+CoreDataClass.swift"; sourceTree = "<group>"; };
		9685187A24FF19A5004022EC /* Location+CoreDataProperties.swift */ = {isa = PBXFileReference; lastKnownFileType = sourcecode.swift; path = "Location+CoreDataProperties.swift"; sourceTree = "<group>"; };
		9685187B24FF19A5004022EC /* Inclinometer+CoreDataClass.swift */ = {isa = PBXFileReference; lastKnownFileType = sourcecode.swift; path = "Inclinometer+CoreDataClass.swift"; sourceTree = "<group>"; };
		9685187C24FF19A5004022EC /* Inclinometer+CoreDataProperties.swift */ = {isa = PBXFileReference; lastKnownFileType = sourcecode.swift; path = "Inclinometer+CoreDataProperties.swift"; sourceTree = "<group>"; };
		9685188124FF1A52004022EC /* SpeedometerView.swift */ = {isa = PBXFileReference; lastKnownFileType = sourcecode.swift; path = SpeedometerView.swift; sourceTree = "<group>"; };
		9685188324FF1A85004022EC /* GaugeSection.swift */ = {isa = PBXFileReference; lastKnownFileType = sourcecode.swift; path = GaugeSection.swift; sourceTree = "<group>"; };
		9685188524FF1A9E004022EC /* InclinometerView.swift */ = {isa = PBXFileReference; lastKnownFileType = sourcecode.swift; path = InclinometerView.swift; sourceTree = "<group>"; };
		9685188724FF1AC7004022EC /* LocationService.swift */ = {isa = PBXFileReference; lastKnownFileType = sourcecode.swift; path = LocationService.swift; sourceTree = "<group>"; };
		9685188B24FF1BBF004022EC /* AccelerometerService.swift */ = {isa = PBXFileReference; lastKnownFileType = sourcecode.swift; path = AccelerometerService.swift; sourceTree = "<group>"; };
		96FC4517250863E3001020AD /* APIResponses.swift */ = {isa = PBXFileReference; lastKnownFileType = sourcecode.swift; path = APIResponses.swift; sourceTree = "<group>"; };
		96FC4519250863EC001020AD /* NetworkManager.swift */ = {isa = PBXFileReference; lastKnownFileType = sourcecode.swift; path = NetworkManager.swift; sourceTree = "<group>"; };
/* End PBXFileReference section */

/* Begin PBXFrameworksBuildPhase section */
		9685185824FF1892004022EC /* Frameworks */ = {
			isa = PBXFrameworksBuildPhase;
			buildActionMask = 2147483647;
			files = (
			);
			runOnlyForDeploymentPostprocessing = 0;
		};
/* End PBXFrameworksBuildPhase section */

/* Begin PBXGroup section */
		9685185224FF1892004022EC = {
			isa = PBXGroup;
			children = (
				9685185D24FF1892004022EC /* OffRoadHUDiOS2 */,
				9685185C24FF1892004022EC /* Products */,
			);
			sourceTree = "<group>";
		};
		9685185C24FF1892004022EC /* Products */ = {
			isa = PBXGroup;
			children = (
				9685185B24FF1892004022EC /* OffRoadHUDiOS2.app */,
			);
			name = Products;
			sourceTree = "<group>";
		};
		9685185D24FF1892004022EC /* OffRoadHUDiOS2 */ = {
			isa = PBXGroup;
			children = (
				96FC4516250863BC001020AD /* Networking */,
				9685187824FF18CA004022EC /* Services */,
				9685187724FF18BF004022EC /* UI */,
				9685187624FF18B9004022EC /* Model */,
				9685187524FF18B3004022EC /* Supporting */,
				9685186724FF1893004022EC /* Assets.xcassets */,
				9685186F24FF1893004022EC /* Info.plist */,
				9685186924FF1893004022EC /* Preview Content */,
				9632217B25097FB200333341 /* DataHelper.swift */,
			);
			path = OffRoadHUDiOS2;
			sourceTree = "<group>";
		};
		9685186924FF1893004022EC /* Preview Content */ = {
			isa = PBXGroup;
			children = (
				9685186A24FF1893004022EC /* Preview Assets.xcassets */,
			);
			path = "Preview Content";
			sourceTree = "<group>";
		};
		9685187524FF18B3004022EC /* Supporting */ = {
			isa = PBXGroup;
			children = (
				9685186024FF1892004022EC /* SceneDelegate.swift */,
				9685185E24FF1892004022EC /* AppDelegate.swift */,
				9685186424FF1892004022EC /* OffRoadHUDiOS2.xcdatamodeld */,
			);
			path = Supporting;
			sourceTree = "<group>";
		};
		9685187624FF18B9004022EC /* Model */ = {
			isa = PBXGroup;
			children = (
				964D8BDD250A846400F67822 /* Route+CoreDataClass.swift */,
				964D8BDE250A846400F67822 /* Route+CoreDataProperties.swift */,
				9685187924FF19A5004022EC /* Location+CoreDataClass.swift */,
				9685187A24FF19A5004022EC /* Location+CoreDataProperties.swift */,
				9685187B24FF19A5004022EC /* Inclinometer+CoreDataClass.swift */,
				9685187C24FF19A5004022EC /* Inclinometer+CoreDataProperties.swift */,
				963221832509947D00333341 /* LocationBusinessEntity.swift */,
				964D8BE1250A84E300F67822 /* RouteBusinessEntity.swift */,
			);
			path = Model;
			sourceTree = "<group>";
		};
		9685187724FF18BF004022EC /* UI */ = {
			isa = PBXGroup;
			children = (
				9685186224FF1892004022EC /* ContentView.swift */,
				9685186C24FF1893004022EC /* LaunchScreen.storyboard */,
				9685188124FF1A52004022EC /* SpeedometerView.swift */,
				9685188324FF1A85004022EC /* GaugeSection.swift */,
				9685188524FF1A9E004022EC /* InclinometerView.swift */,
				9632217D2509823900333341 /* HomeScreen.swift */,
				9632217F2509875400333341 /* HistoryView.swift */,
			);
			path = UI;
			sourceTree = "<group>";
		};
		9685187824FF18CA004022EC /* Services */ = {
			isa = PBXGroup;
			children = (
				9685188724FF1AC7004022EC /* LocationService.swift */,
				9685188B24FF1BBF004022EC /* AccelerometerService.swift */,
				9632218125098DC200333341 /* TrackingService.swift */,
			);
			path = Services;
			sourceTree = "<group>";
		};
		96FC4516250863BC001020AD /* Networking */ = {
			isa = PBXGroup;
			children = (
				96FC4517250863E3001020AD /* APIResponses.swift */,
				96FC4519250863EC001020AD /* NetworkManager.swift */,
			);
			path = Networking;
			sourceTree = "<group>";
		};
/* End PBXGroup section */

/* Begin PBXNativeTarget section */
		9685185A24FF1892004022EC /* OffRoadHUDiOS2 */ = {
			isa = PBXNativeTarget;
			buildConfigurationList = 9685187224FF1893004022EC /* Build configuration list for PBXNativeTarget "OffRoadHUDiOS2" */;
			buildPhases = (
				9685185724FF1892004022EC /* Sources */,
				9685185824FF1892004022EC /* Frameworks */,
				9685185924FF1892004022EC /* Resources */,
			);
			buildRules = (
			);
			dependencies = (
			);
			name = OffRoadHUDiOS2;
			productName = OffRoadHUDiOS2;
			productReference = 9685185B24FF1892004022EC /* OffRoadHUDiOS2.app */;
			productType = "com.apple.product-type.application";
		};
/* End PBXNativeTarget section */

/* Begin PBXProject section */
		9685185324FF1892004022EC /* Project object */ = {
			isa = PBXProject;
			attributes = {
				LastSwiftUpdateCheck = 1200;
				LastUpgradeCheck = 1200;
				TargetAttributes = {
					9685185A24FF1892004022EC = {
						CreatedOnToolsVersion = 12.0;
					};
				};
			};
			buildConfigurationList = 9685185624FF1892004022EC /* Build configuration list for PBXProject "OffRoadHUDiOS2" */;
			compatibilityVersion = "Xcode 9.3";
			developmentRegion = en;
			hasScannedForEncodings = 0;
			knownRegions = (
				en,
				Base,
			);
			mainGroup = 9685185224FF1892004022EC;
			productRefGroup = 9685185C24FF1892004022EC /* Products */;
			projectDirPath = "";
			projectRoot = "";
			targets = (
				9685185A24FF1892004022EC /* OffRoadHUDiOS2 */,
			);
		};
/* End PBXProject section */

/* Begin PBXResourcesBuildPhase section */
		9685185924FF1892004022EC /* Resources */ = {
			isa = PBXResourcesBuildPhase;
			buildActionMask = 2147483647;
			files = (
				9685186E24FF1893004022EC /* LaunchScreen.storyboard in Resources */,
				9685186B24FF1893004022EC /* Preview Assets.xcassets in Resources */,
				9685186824FF1893004022EC /* Assets.xcassets in Resources */,
			);
			runOnlyForDeploymentPostprocessing = 0;
		};
/* End PBXResourcesBuildPhase section */

/* Begin PBXSourcesBuildPhase section */
		9685185724FF1892004022EC /* Sources */ = {
			isa = PBXSourcesBuildPhase;
			buildActionMask = 2147483647;
			files = (
				9685188624FF1A9E004022EC /* InclinometerView.swift in Sources */,
				963221842509947D00333341 /* LocationBusinessEntity.swift in Sources */,
				9685185F24FF1892004022EC /* AppDelegate.swift in Sources */,
				964D8BE0250A846400F67822 /* Route+CoreDataProperties.swift in Sources */,
				964D8BDF250A846400F67822 /* Route+CoreDataClass.swift in Sources */,
				9685186124FF1892004022EC /* SceneDelegate.swift in Sources */,
				9685187E24FF19A5004022EC /* Location+CoreDataProperties.swift in Sources */,
				964D8BE2250A84E300F67822 /* RouteBusinessEntity.swift in Sources */,
				9685187F24FF19A5004022EC /* Inclinometer+CoreDataClass.swift in Sources */,
				9632217C25097FB200333341 /* DataHelper.swift in Sources */,
				96FC4518250863E3001020AD /* APIResponses.swift in Sources */,
				963221802509875400333341 /* HistoryView.swift in Sources */,
				9685188024FF19A5004022EC /* Inclinometer+CoreDataProperties.swift in Sources */,
				9685188C24FF1BBF004022EC /* AccelerometerService.swift in Sources */,
				9685186624FF1892004022EC /* OffRoadHUDiOS2.xcdatamodeld in Sources */,
				9685187D24FF19A5004022EC /* Location+CoreDataClass.swift in Sources */,
				9685188424FF1A85004022EC /* GaugeSection.swift in Sources */,
				9632217E2509823900333341 /* HomeScreen.swift in Sources */,
				9685186324FF1892004022EC /* ContentView.swift in Sources */,
				96FC451A250863EC001020AD /* NetworkManager.swift in Sources */,
				9685188824FF1AC7004022EC /* LocationService.swift in Sources */,
				9632218225098DC200333341 /* TrackingService.swift in Sources */,
				9685188224FF1A52004022EC /* SpeedometerView.swift in Sources */,
			);
			runOnlyForDeploymentPostprocessing = 0;
		};
/* End PBXSourcesBuildPhase section */

/* Begin PBXVariantGroup section */
		9685186C24FF1893004022EC /* LaunchScreen.storyboard */ = {
			isa = PBXVariantGroup;
			children = (
				9685186D24FF1893004022EC /* Base */,
			);
			name = LaunchScreen.storyboard;
			sourceTree = "<group>";
		};
/* End PBXVariantGroup section */

/* Begin XCBuildConfiguration section */
		9685187024FF1893004022EC /* Debug */ = {
			isa = XCBuildConfiguration;
			buildSettings = {
				ALWAYS_SEARCH_USER_PATHS = NO;
				CLANG_ANALYZER_NONNULL = YES;
				CLANG_ANALYZER_NUMBER_OBJECT_CONVERSION = YES_AGGRESSIVE;
				CLANG_CXX_LANGUAGE_STANDARD = "gnu++14";
				CLANG_CXX_LIBRARY = "libc++";
				CLANG_ENABLE_MODULES = YES;
				CLANG_ENABLE_OBJC_ARC = YES;
				CLANG_ENABLE_OBJC_WEAK = YES;
				CLANG_WARN_BLOCK_CAPTURE_AUTORELEASING = YES;
				CLANG_WARN_BOOL_CONVERSION = YES;
				CLANG_WARN_COMMA = YES;
				CLANG_WARN_CONSTANT_CONVERSION = YES;
				CLANG_WARN_DEPRECATED_OBJC_IMPLEMENTATIONS = YES;
				CLANG_WARN_DIRECT_OBJC_ISA_USAGE = YES_ERROR;
				CLANG_WARN_DOCUMENTATION_COMMENTS = YES;
				CLANG_WARN_EMPTY_BODY = YES;
				CLANG_WARN_ENUM_CONVERSION = YES;
				CLANG_WARN_INFINITE_RECURSION = YES;
				CLANG_WARN_INT_CONVERSION = YES;
				CLANG_WARN_NON_LITERAL_NULL_CONVERSION = YES;
				CLANG_WARN_OBJC_IMPLICIT_RETAIN_SELF = YES;
				CLANG_WARN_OBJC_LITERAL_CONVERSION = YES;
				CLANG_WARN_OBJC_ROOT_CLASS = YES_ERROR;
				CLANG_WARN_QUOTED_INCLUDE_IN_FRAMEWORK_HEADER = YES;
				CLANG_WARN_RANGE_LOOP_ANALYSIS = YES;
				CLANG_WARN_STRICT_PROTOTYPES = YES;
				CLANG_WARN_SUSPICIOUS_MOVE = YES;
				CLANG_WARN_UNGUARDED_AVAILABILITY = YES_AGGRESSIVE;
				CLANG_WARN_UNREACHABLE_CODE = YES;
				CLANG_WARN__DUPLICATE_METHOD_MATCH = YES;
				COPY_PHASE_STRIP = NO;
				DEBUG_INFORMATION_FORMAT = dwarf;
				ENABLE_STRICT_OBJC_MSGSEND = YES;
				ENABLE_TESTABILITY = YES;
				GCC_C_LANGUAGE_STANDARD = gnu11;
				GCC_DYNAMIC_NO_PIC = NO;
				GCC_NO_COMMON_BLOCKS = YES;
				GCC_OPTIMIZATION_LEVEL = 0;
				GCC_PREPROCESSOR_DEFINITIONS = (
					"DEBUG=1",
					"$(inherited)",
				);
				GCC_WARN_64_TO_32_BIT_CONVERSION = YES;
				GCC_WARN_ABOUT_RETURN_TYPE = YES_ERROR;
				GCC_WARN_UNDECLARED_SELECTOR = YES;
				GCC_WARN_UNINITIALIZED_AUTOS = YES_AGGRESSIVE;
				GCC_WARN_UNUSED_FUNCTION = YES;
				GCC_WARN_UNUSED_VARIABLE = YES;
				IPHONEOS_DEPLOYMENT_TARGET = 13.6;
				MTL_ENABLE_DEBUG_INFO = INCLUDE_SOURCE;
				MTL_FAST_MATH = YES;
				ONLY_ACTIVE_ARCH = YES;
				SDKROOT = iphoneos;
				SWIFT_ACTIVE_COMPILATION_CONDITIONS = DEBUG;
				SWIFT_OPTIMIZATION_LEVEL = "-Onone";
			};
			name = Debug;
		};
		9685187124FF1893004022EC /* Release */ = {
			isa = XCBuildConfiguration;
			buildSettings = {
				ALWAYS_SEARCH_USER_PATHS = NO;
				CLANG_ANALYZER_NONNULL = YES;
				CLANG_ANALYZER_NUMBER_OBJECT_CONVERSION = YES_AGGRESSIVE;
				CLANG_CXX_LANGUAGE_STANDARD = "gnu++14";
				CLANG_CXX_LIBRARY = "libc++";
				CLANG_ENABLE_MODULES = YES;
				CLANG_ENABLE_OBJC_ARC = YES;
				CLANG_ENABLE_OBJC_WEAK = YES;
				CLANG_WARN_BLOCK_CAPTURE_AUTORELEASING = YES;
				CLANG_WARN_BOOL_CONVERSION = YES;
				CLANG_WARN_COMMA = YES;
				CLANG_WARN_CONSTANT_CONVERSION = YES;
				CLANG_WARN_DEPRECATED_OBJC_IMPLEMENTATIONS = YES;
				CLANG_WARN_DIRECT_OBJC_ISA_USAGE = YES_ERROR;
				CLANG_WARN_DOCUMENTATION_COMMENTS = YES;
				CLANG_WARN_EMPTY_BODY = YES;
				CLANG_WARN_ENUM_CONVERSION = YES;
				CLANG_WARN_INFINITE_RECURSION = YES;
				CLANG_WARN_INT_CONVERSION = YES;
				CLANG_WARN_NON_LITERAL_NULL_CONVERSION = YES;
				CLANG_WARN_OBJC_IMPLICIT_RETAIN_SELF = YES;
				CLANG_WARN_OBJC_LITERAL_CONVERSION = YES;
				CLANG_WARN_OBJC_ROOT_CLASS = YES_ERROR;
				CLANG_WARN_QUOTED_INCLUDE_IN_FRAMEWORK_HEADER = YES;
				CLANG_WARN_RANGE_LOOP_ANALYSIS = YES;
				CLANG_WARN_STRICT_PROTOTYPES = YES;
				CLANG_WARN_SUSPICIOUS_MOVE = YES;
				CLANG_WARN_UNGUARDED_AVAILABILITY = YES_AGGRESSIVE;
				CLANG_WARN_UNREACHABLE_CODE = YES;
				CLANG_WARN__DUPLICATE_METHOD_MATCH = YES;
				COPY_PHASE_STRIP = NO;
				DEBUG_INFORMATION_FORMAT = "dwarf-with-dsym";
				ENABLE_NS_ASSERTIONS = NO;
				ENABLE_STRICT_OBJC_MSGSEND = YES;
				GCC_C_LANGUAGE_STANDARD = gnu11;
				GCC_NO_COMMON_BLOCKS = YES;
				GCC_WARN_64_TO_32_BIT_CONVERSION = YES;
				GCC_WARN_ABOUT_RETURN_TYPE = YES_ERROR;
				GCC_WARN_UNDECLARED_SELECTOR = YES;
				GCC_WARN_UNINITIALIZED_AUTOS = YES_AGGRESSIVE;
				GCC_WARN_UNUSED_FUNCTION = YES;
				GCC_WARN_UNUSED_VARIABLE = YES;
				IPHONEOS_DEPLOYMENT_TARGET = 13.6;
				MTL_ENABLE_DEBUG_INFO = NO;
				MTL_FAST_MATH = YES;
				SDKROOT = iphoneos;
				SWIFT_COMPILATION_MODE = wholemodule;
				SWIFT_OPTIMIZATION_LEVEL = "-O";
				VALIDATE_PRODUCT = YES;
			};
			name = Release;
		};
		9685187324FF1893004022EC /* Debug */ = {
			isa = XCBuildConfiguration;
			buildSettings = {
				ASSETCATALOG_COMPILER_APPICON_NAME = AppIcon;
				ASSETCATALOG_COMPILER_GLOBAL_ACCENT_COLOR_NAME = AccentColor;
				CODE_SIGN_STYLE = Automatic;
				DEVELOPMENT_ASSET_PATHS = "\"OffRoadHUDiOS2/Preview Content\"";
				DEVELOPMENT_TEAM = 5Y6V54LY4X;
				ENABLE_PREVIEWS = YES;
				INFOPLIST_FILE = OffRoadHUDiOS2/Info.plist;
				LD_RUNPATH_SEARCH_PATHS = (
					"$(inherited)",
					"@executable_path/Frameworks",
				);
				PRODUCT_BUNDLE_IDENTIFIER = jasonasmits.OffRoadHUDiOS2;
				PRODUCT_NAME = "$(TARGET_NAME)";
				SWIFT_VERSION = 5.0;
				TARGETED_DEVICE_FAMILY = "1,2";
			};
			name = Debug;
		};
		9685187424FF1893004022EC /* Release */ = {
			isa = XCBuildConfiguration;
			buildSettings = {
				ASSETCATALOG_COMPILER_APPICON_NAME = AppIcon;
				ASSETCATALOG_COMPILER_GLOBAL_ACCENT_COLOR_NAME = AccentColor;
				CODE_SIGN_STYLE = Automatic;
				DEVELOPMENT_ASSET_PATHS = "\"OffRoadHUDiOS2/Preview Content\"";
				DEVELOPMENT_TEAM = 5Y6V54LY4X;
				ENABLE_PREVIEWS = YES;
				INFOPLIST_FILE = OffRoadHUDiOS2/Info.plist;
				LD_RUNPATH_SEARCH_PATHS = (
					"$(inherited)",
					"@executable_path/Frameworks",
				);
				PRODUCT_BUNDLE_IDENTIFIER = jasonasmits.OffRoadHUDiOS2;
				PRODUCT_NAME = "$(TARGET_NAME)";
				SWIFT_VERSION = 5.0;
				TARGETED_DEVICE_FAMILY = "1,2";
			};
			name = Release;
		};
/* End XCBuildConfiguration section */

/* Begin XCConfigurationList section */
		9685185624FF1892004022EC /* Build configuration list for PBXProject "OffRoadHUDiOS2" */ = {
			isa = XCConfigurationList;
			buildConfigurations = (
				9685187024FF1893004022EC /* Debug */,
				9685187124FF1893004022EC /* Release */,
			);
			defaultConfigurationIsVisible = 0;
			defaultConfigurationName = Release;
		};
		9685187224FF1893004022EC /* Build configuration list for PBXNativeTarget "OffRoadHUDiOS2" */ = {
			isa = XCConfigurationList;
			buildConfigurations = (
				9685187324FF1893004022EC /* Debug */,
				9685187424FF1893004022EC /* Release */,
			);
			defaultConfigurationIsVisible = 0;
			defaultConfigurationName = Release;
		};
/* End XCConfigurationList section */

/* Begin XCVersionGroup section */
		9685186424FF1892004022EC /* OffRoadHUDiOS2.xcdatamodeld */ = {
			isa = XCVersionGroup;
			children = (
				9685186524FF1892004022EC /* OffRoadHUDiOS2.xcdatamodel */,
			);
			currentVersion = 9685186524FF1892004022EC /* OffRoadHUDiOS2.xcdatamodel */;
			path = OffRoadHUDiOS2.xcdatamodeld;
			sourceTree = "<group>";
			versionGroupType = wrapper.xcdatamodel;
		};
/* End XCVersionGroup section */
	};
	rootObject = 9685185324FF1892004022EC /* Project object */;
}
